
Microsoft Visual Studio Solution File, Format Version 12.00
# Visual Studio Version 17
VisualStudioVersion = 17.0.31919.166
MinimumVisualStudioVersion = 10.0.40219.1
Project("{9A19103F-16F7-4668-BE54-9A1E7A4F7556}") = "AzureTest.Api", "AzureTest.Api\AzureTest.Api.csproj", "{D2EF72ED-12F7-460E-9872-E648CE417049}"
EndProject
Project("{9A19103F-16F7-4668-BE54-9A1E7A4F7556}") = "AzureTest.Core", "AzureTest.Core\AzureTest.Core.csproj", "{8B46D3D3-8585-473D-9AB7-052EDB149AAF}"
EndProject
Project("{9A19103F-16F7-4668-BE54-9A1E7A4F7556}") = "AzureTest.Infrastructure", "AzureTest.Infrastructure\AzureTest.Infrastructure.csproj", "{FF8E938C-0A13-40B4-A6CB-B0F5F783C770}"
EndProject
Project("{FAE04EC0-301F-11D3-BF4B-00C04F79EFBC}") = "AzureTest.Web", "AzureTest.Web\AzureTest.Web.csproj", "{F959B0B6-5000-4966-9A10-98737537A7C3}"
EndProject
Global
	GlobalSection(SolutionConfigurationPlatforms) = preSolution
		Debug|Any CPU = Debug|Any CPU
		Release|Any CPU = Release|Any CPU
	EndGlobalSection
	GlobalSection(ProjectConfigurationPlatforms) = postSolution
		{D2EF72ED-12F7-460E-9872-E648CE417049}.Debug|Any CPU.ActiveCfg = Debug|Any CPU
		{D2EF72ED-12F7-460E-9872-E648CE417049}.Debug|Any CPU.Build.0 = Debug|Any CPU
		{D2EF72ED-12F7-460E-9872-E648CE417049}.Release|Any CPU.ActiveCfg = Release|Any CPU
		{D2EF72ED-12F7-460E-9872-E648CE417049}.Release|Any CPU.Build.0 = Release|Any CPU
		{8B46D3D3-8585-473D-9AB7-052EDB149AAF}.Debug|Any CPU.ActiveCfg = Debug|Any CPU
		{8B46D3D3-8585-473D-9AB7-052EDB149AAF}.Debug|Any CPU.Build.0 = Debug|Any CPU
		{8B46D3D3-8585-473D-9AB7-052EDB149AAF}.Release|Any CPU.ActiveCfg = Release|Any CPU
		{8B46D3D3-8585-473D-9AB7-052EDB149AAF}.Release|Any CPU.Build.0 = Release|Any CPU
		{FF8E938C-0A13-40B4-A6CB-B0F5F783C770}.Debug|Any CPU.ActiveCfg = Debug|Any CPU
		{FF8E938C-0A13-40B4-A6CB-B0F5F783C770}.Debug|Any CPU.Build.0 = Debug|Any CPU
		{FF8E938C-0A13-40B4-A6CB-B0F5F783C770}.Release|Any CPU.ActiveCfg = Release|Any CPU
		{FF8E938C-0A13-40B4-A6CB-B0F5F783C770}.Release|Any CPU.Build.0 = Release|Any CPU
		{F959B0B6-5000-4966-9A10-98737537A7C3}.Debug|Any CPU.ActiveCfg = Debug|Any CPU
		{F959B0B6-5000-4966-9A10-98737537A7C3}.Debug|Any CPU.Build.0 = Debug|Any CPU
		{F959B0B6-5000-4966-9A10-98737537A7C3}.Release|Any CPU.ActiveCfg = Release|Any CPU
		{F959B0B6-5000-4966-9A10-98737537A7C3}.Release|Any CPU.Build.0 = Release|Any CPU
	EndGlobalSection
	GlobalSection(SolutionProperties) = preSolution
		HideSolutionNode = FALSE
	EndGlobalSection
	GlobalSection(ExtensibilityGlobals) = postSolution
		SolutionGuid = {C24EE71F-5D3B-48E1-B071-5DA16CBF7582}
	EndGlobalSection
EndGlobal
